
Microsoft Visual Studio Solution File, Format Version 12.00
# Visual Studio Version 17
VisualStudioVersion = 17.5.002.0
MinimumVisualStudioVersion = 10.0.40219.1
Project("{9A19103F-16F7-4668-BE54-9A1E7A4F7556}") = "MyApi", "MyApi.csproj", "{33305C53-6E54-4D42-AA2E-6C670BF11985}"
EndProject
Global
	GlobalSection(SolutionConfigurationPlatforms) = preSolution
		Debug|Any CPU = Debug|Any CPU
		Release|Any CPU = Release|Any CPU
	EndGlobalSection
	GlobalSection(ProjectConfigurationPlatforms) = postSolution
		{33305C53-6E54-4D42-AA2E-6C670BF11985}.Debug|Any CPU.ActiveCfg = Debug|Any CPU
		{33305C53-6E54-4D42-AA2E-6C670BF11985}.Debug|Any CPU.Build.0 = Debug|Any CPU
		{33305C53-6E54-4D42-AA2E-6C670BF11985}.Release|Any CPU.ActiveCfg = Release|Any CPU
		{33305C53-6E54-4D42-AA2E-6C670BF11985}.Release|Any CPU.Build.0 = Release|Any CPU
	EndGlobalSection
	GlobalSection(SolutionProperties) = preSolution
		HideSolutionNode = FALSE
	EndGlobalSection
	GlobalSection(ExtensibilityGlobals) = postSolution
		SolutionGuid = {030712C7-55F8-4679-A80D-57A8325BD0EB}
	EndGlobalSection
EndGlobal
